
Microsoft Visual Studio Solution File, Format Version 12.00
# Visual Studio Version 17
VisualStudioVersion = 17.7.34009.444
MinimumVisualStudioVersion = 10.0.40219.1
Project("{FAE04EC0-301F-11D3-BF4B-00C04F79EFBC}") = "poker spil", "poker spil.csproj", "{42DC2FC3-0CEF-4187-A4FB-EAA1158877D4}"
EndProject
Global
	GlobalSection(SolutionConfigurationPlatforms) = preSolution
		Debug|Any CPU = Debug|Any CPU
		Release|Any CPU = Release|Any CPU
	EndGlobalSection
	GlobalSection(ProjectConfigurationPlatforms) = postSolution
		{42DC2FC3-0CEF-4187-A4FB-EAA1158877D4}.Debug|Any CPU.ActiveCfg = Debug|Any CPU
		{42DC2FC3-0CEF-4187-A4FB-EAA1158877D4}.Debug|Any CPU.Build.0 = Debug|Any CPU
		{42DC2FC3-0CEF-4187-A4FB-EAA1158877D4}.Release|Any CPU.ActiveCfg = Release|Any CPU
		{42DC2FC3-0CEF-4187-A4FB-EAA1158877D4}.Release|Any CPU.Build.0 = Release|Any CPU
	EndGlobalSection
	GlobalSection(SolutionProperties) = preSolution
		HideSolutionNode = FALSE
	EndGlobalSection
	GlobalSection(ExtensibilityGlobals) = postSolution
		SolutionGuid = {8568CAFF-4374-460B-8E49-9E8FD56A6C08}
	EndGlobalSection
EndGlobal
